
Microsoft Visual Studio Solution File, Format Version 12.00
# Visual Studio Version 17
VisualStudioVersion = 17.3.32922.545
MinimumVisualStudioVersion = 10.0.40219.1
Project("{FAE04EC0-301F-11D3-BF4B-00C04F79EFBC}") = "WebApiFoundation", "WebApiFoundation\WebApiFoundation.csproj", "{A1C8796F-7285-4233-87C5-B0E01D50A5E7}"
EndProject
Global
	GlobalSection(SolutionConfigurationPlatforms) = preSolution
		Debug|Any CPU = Debug|Any CPU
		Release|Any CPU = Release|Any CPU
	EndGlobalSection
	GlobalSection(ProjectConfigurationPlatforms) = postSolution
		{A1C8796F-7285-4233-87C5-B0E01D50A5E7}.Debug|Any CPU.ActiveCfg = Debug|Any CPU
		{A1C8796F-7285-4233-87C5-B0E01D50A5E7}.Debug|Any CPU.Build.0 = Debug|Any CPU
		{A1C8796F-7285-4233-87C5-B0E01D50A5E7}.Release|Any CPU.ActiveCfg = Release|Any CPU
		{A1C8796F-7285-4233-87C5-B0E01D50A5E7}.Release|Any CPU.Build.0 = Release|Any CPU
	EndGlobalSection
	GlobalSection(SolutionProperties) = preSolution
		HideSolutionNode = FALSE
	EndGlobalSection
	GlobalSection(ExtensibilityGlobals) = postSolution
		SolutionGuid = {1AD000B3-260D-4A73-8361-07AA22DFC9C7}
	EndGlobalSection
EndGlobal
